
Microsoft Visual Studio Solution File, Format Version 12.00
# Visual Studio 15
VisualStudioVersion = 15.0.28307.1525
MinimumVisualStudioVersion = 10.0.40219.1
Project("{FAE04EC0-301F-11D3-BF4B-00C04F79EFBC}") = "BigSchool", "BigSchool\BigSchool.csproj", "{C6F8A840-045B-4257-A5D0-65BD42CBF806}"
EndProject
Global
	GlobalSection(SolutionConfigurationPlatforms) = preSolution
		Debug|Any CPU = Debug|Any CPU
		Release|Any CPU = Release|Any CPU
	EndGlobalSection
	GlobalSection(ProjectConfigurationPlatforms) = postSolution
		{C6F8A840-045B-4257-A5D0-65BD42CBF806}.Debug|Any CPU.ActiveCfg = Debug|Any CPU
		{C6F8A840-045B-4257-A5D0-65BD42CBF806}.Debug|Any CPU.Build.0 = Debug|Any CPU
		{C6F8A840-045B-4257-A5D0-65BD42CBF806}.Release|Any CPU.ActiveCfg = Release|Any CPU
		{C6F8A840-045B-4257-A5D0-65BD42CBF806}.Release|Any CPU.Build.0 = Release|Any CPU
	EndGlobalSection
	GlobalSection(SolutionProperties) = preSolution
		HideSolutionNode = FALSE
	EndGlobalSection
	GlobalSection(ExtensibilityGlobals) = postSolution
		SolutionGuid = {2F2AF3CC-FADB-4C7B-9CDB-E32CE4814C8D}
	EndGlobalSection
EndGlobal
